
Microsoft Visual Studio Solution File, Format Version 12.00
# Visual Studio Version 16
VisualStudioVersion = 16.0.31624.102
MinimumVisualStudioVersion = 10.0.40219.1
Project("{FAE04EC0-301F-11D3-BF4B-00C04F79EFBC}") = "MonitorIotaNode", "MonitorIotaNode\MonitorIotaNode.csproj", "{02FFB943-5097-4062-9F4D-53D2AEB6BBDA}"
EndProject
Global
	GlobalSection(SolutionConfigurationPlatforms) = preSolution
		Debug|Any CPU = Debug|Any CPU
		Release|Any CPU = Release|Any CPU
	EndGlobalSection
	GlobalSection(ProjectConfigurationPlatforms) = postSolution
		{02FFB943-5097-4062-9F4D-53D2AEB6BBDA}.Debug|Any CPU.ActiveCfg = Debug|Any CPU
		{02FFB943-5097-4062-9F4D-53D2AEB6BBDA}.Debug|Any CPU.Build.0 = Debug|Any CPU
		{02FFB943-5097-4062-9F4D-53D2AEB6BBDA}.Release|Any CPU.ActiveCfg = Release|Any CPU
		{02FFB943-5097-4062-9F4D-53D2AEB6BBDA}.Release|Any CPU.Build.0 = Release|Any CPU
	EndGlobalSection
	GlobalSection(SolutionProperties) = preSolution
		HideSolutionNode = FALSE
	EndGlobalSection
	GlobalSection(ExtensibilityGlobals) = postSolution
		SolutionGuid = {02EC43CF-FCA1-4B19-9B93-F32BD920E229}
	EndGlobalSection
EndGlobal
